<Solution>
  <Folder Name="/Components/">
    <Project Path="MACTrackBarLib\MACTrackBarLib\MACTrackBarLib.csproj" />
    <Project Path="NetSparkle\NetSparkle\NetSparkle.csproj" />
  </Folder>
  <Folder Name="/Global/">
    <File Path=".editorconfig" />
    <File Path=".github/workflows/build.yml" />
    <File Path=".github\workflows\codeql-analysis.yml" />
    <File Path="CHANGELOG.md" />
    <File Path="LICENSE" />
    <File Path="README.md" />
    <File Path="renovate.json" />
    <File Path="Setup Script.iss" />
  </Folder>
  <Project Path="OotD.Core.Tests/OotD.Core.Tests.csproj" />
  <Project Path="OotD.Core\OotD.Core.csproj" />
  <Project Path="OotD.Launcher\OotD.Launcher.csproj" />
  <Project Path="OotD.x64\OotD.x64.csproj" />
  <Project Path="OotD.x86\OotD.x86.csproj" />
</Solution>
