Microsoft Visual Studio Solution File, Format Version 12.00
# Visual Studio Version 16
VisualStudioVersion = 16.0.30128.36
MinimumVisualStudioVersion = 10.0.40219.1
Project("{9A19103F-16F7-4668-BE54-9A1E7A4F7556}") = "OotD.x64", "OotD.x64\OotD.x64.csproj", "{93AB22DD-EE7C-4B26-8776-76EE613EC40C}"
EndProject
Project("{2150E333-8FDC-42A3-9474-1A3956D46DE8}") = "Global", "Global", "{07B2D199-0589-433B-8C1F-A8B3BF22D4E0}"
	ProjectSection(SolutionItems) = preProject
		LICENSE = LICENSE
		ServerStaging\ootdAppcast.xml = ServerStaging\ootdAppcast.xml
		ServerStaging\ootdReleaseNotes.md = ServerStaging\ootdReleaseNotes.md
		README.md = README.md
		Setup Script.iss = Setup Script.iss
	EndProjectSection
EndProject
Project("{9A19103F-16F7-4668-BE54-9A1E7A4F7556}") = "OotD.x86", "OotD.x86\OotD.x86.csproj", "{38490DB9-CF42-4280-BE5B-01CDB8797EDD}"
EndProject
Project("{9A19103F-16F7-4668-BE54-9A1E7A4F7556}") = "OotD.Launcher", "OotD.Launcher\OotD.Launcher.csproj", "{1CE51416-D856-44D8-969E-AB9FEE70E27F}"
EndProject
Project("{2150E333-8FDC-42A3-9474-1A3956D46DE8}") = "Components", "Components", "{F8364F13-324D-47E9-A732-EE2875F55BF0}"
EndProject
Project("{9A19103F-16F7-4668-BE54-9A1E7A4F7556}") = "OotD.Core", "OotD.Core\OotD.Core.csproj", "{C38D62CC-0544-4D90-83B9-B222CB5A8EF1}"
EndProject
Project("{9A19103F-16F7-4668-BE54-9A1E7A4F7556}") = "MACTrackBarLib", "MACTrackBarLib\MACTrackBarLib\MACTrackBarLib.csproj", "{77A112B1-5440-440B-A0F6-2EDCC5B093CB}"
EndProject
Project("{9A19103F-16F7-4668-BE54-9A1E7A4F7556}") = "NetSparkle", "NetSparkle\NetSparkle\NetSparkle.csproj", "{74635A21-2BAD-4522-AB95-E3E5703CD301}"
EndProject
Project("{2150E333-8FDC-42A3-9474-1A3956D46DE8}") = "Solution Items", "Solution Items", "{19CE5627-1B2C-44BE-86A4-CED5B029D570}"
	ProjectSection(SolutionItems) = preProject
		.editorconfig = .editorconfig
	EndProjectSection
EndProject
Global
	GlobalSection(SolutionConfigurationPlatforms) = preSolution
		Debug|Any CPU = Debug|Any CPU
		Release|Any CPU = Release|Any CPU
	EndGlobalSection
	GlobalSection(ProjectConfigurationPlatforms) = postSolution
		{93AB22DD-EE7C-4B26-8776-76EE613EC40C}.Debug|Any CPU.ActiveCfg = Debug|Any CPU
		{93AB22DD-EE7C-4B26-8776-76EE613EC40C}.Debug|Any CPU.Build.0 = Debug|Any CPU
		{93AB22DD-EE7C-4B26-8776-76EE613EC40C}.Release|Any CPU.ActiveCfg = Release|Any CPU
		{93AB22DD-EE7C-4B26-8776-76EE613EC40C}.Release|Any CPU.Build.0 = Release|Any CPU
		{38490DB9-CF42-4280-BE5B-01CDB8797EDD}.Debug|Any CPU.ActiveCfg = Debug|Any CPU
		{38490DB9-CF42-4280-BE5B-01CDB8797EDD}.Debug|Any CPU.Build.0 = Debug|Any CPU
		{38490DB9-CF42-4280-BE5B-01CDB8797EDD}.Release|Any CPU.ActiveCfg = Release|Any CPU
		{38490DB9-CF42-4280-BE5B-01CDB8797EDD}.Release|Any CPU.Build.0 = Release|Any CPU
		{1CE51416-D856-44D8-969E-AB9FEE70E27F}.Debug|Any CPU.ActiveCfg = Debug|x86
		{1CE51416-D856-44D8-969E-AB9FEE70E27F}.Debug|Any CPU.Build.0 = Debug|x86
		{1CE51416-D856-44D8-969E-AB9FEE70E27F}.Release|Any CPU.ActiveCfg = Release|x86
		{1CE51416-D856-44D8-969E-AB9FEE70E27F}.Release|Any CPU.Build.0 = Release|x86
		{1CE51416-D856-44D8-969E-AB9FEE70E27F}.Debug|Any CPU.ActiveCfg = Debug|Any CPU
		{1CE51416-D856-44D8-969E-AB9FEE70E27F}.Debug|Any CPU.Build.0 = Debug|Any CPU
		{1CE51416-D856-44D8-969E-AB9FEE70E27F}.Release|Any CPU.ActiveCfg = Release|Any CPU
		{1CE51416-D856-44D8-969E-AB9FEE70E27F}.Release|Any CPU.Build.0 = Release|Any CPU
		{C38D62CC-0544-4D90-83B9-B222CB5A8EF1}.Debug|Any CPU.ActiveCfg = Debug|Any CPU
		{C38D62CC-0544-4D90-83B9-B222CB5A8EF1}.Debug|Any CPU.Build.0 = Debug|Any CPU
		{C38D62CC-0544-4D90-83B9-B222CB5A8EF1}.Release|Any CPU.ActiveCfg = Release|Any CPU
		{C38D62CC-0544-4D90-83B9-B222CB5A8EF1}.Release|Any CPU.Build.0 = Release|Any CPU
		{77A112B1-5440-440B-A0F6-2EDCC5B093CB}.Debug|Any CPU.ActiveCfg = Debug|Any CPU
		{77A112B1-5440-440B-A0F6-2EDCC5B093CB}.Debug|Any CPU.Build.0 = Debug|Any CPU
		{77A112B1-5440-440B-A0F6-2EDCC5B093CB}.Release|Any CPU.ActiveCfg = Release|Any CPU
		{77A112B1-5440-440B-A0F6-2EDCC5B093CB}.Release|Any CPU.Build.0 = Release|Any CPU
		{74635A21-2BAD-4522-AB95-E3E5703CD301}.Debug|Any CPU.ActiveCfg = Debug|Any CPU
		{74635A21-2BAD-4522-AB95-E3E5703CD301}.Debug|Any CPU.Build.0 = Debug|Any CPU
		{74635A21-2BAD-4522-AB95-E3E5703CD301}.Release|Any CPU.ActiveCfg = Release|Any CPU
		{74635A21-2BAD-4522-AB95-E3E5703CD301}.Release|Any CPU.Build.0 = Release|Any CPU
	EndGlobalSection
	GlobalSection(SolutionProperties) = preSolution
		HideSolutionNode = FALSE
	EndGlobalSection
	GlobalSection(NestedProjects) = preSolution
		{77A112B1-5440-440B-A0F6-2EDCC5B093CB} = {F8364F13-324D-47E9-A732-EE2875F55BF0}
		{74635A21-2BAD-4522-AB95-E3E5703CD301} = {F8364F13-324D-47E9-A732-EE2875F55BF0}
	EndGlobalSection
	GlobalSection(ExtensibilityGlobals) = postSolution
		SolutionGuid = {3C55A8D5-1B97-4932-935E-D20892C93EB8}
	EndGlobalSection
EndGlobal
